
Microsoft Visual Studio Solution File, Format Version 12.00
# Visual Studio 15
VisualStudioVersion = 15.0.25807.0
MinimumVisualStudioVersion = 10.0.40219.1
Project("{2150E333-8FDC-42A3-9474-1A3956D46DE8}") = "Engine", "Engine", "{4D727BD5-1C03-4304-8CB9-ABA26BA3067D}"
EndProject
Project("{2150E333-8FDC-42A3-9474-1A3956D46DE8}") = "Games", "Games", "{39ADC2F0-5653-47E4-A381-B75039D51E4E}"
EndProject
Project("{8BC9CEB8-8B4A-11D0-8D11-00A0C91BC942}") = "UE4", "Intermediate\ProjectFiles\UE4.vcxproj", "{23EA91B9-BC58-4EBF-BBEC-4A4A1D93F275}"
EndProject
Project("{8BC9CEB8-8B4A-11D0-8D11-00A0C91BC942}") = "ECS", "Intermediate\ProjectFiles\ECS.vcxproj", "{805259D0-E1DF-4B80-9E00-B795DB47B034}"
EndProject
Global
	GlobalSection(SolutionConfigurationPlatforms) = preSolution
		DebugGame Editor|HTML5 = DebugGame Editor|HTML5
		DebugGame Editor|Win32 = DebugGame Editor|Win32
		DebugGame Editor|Win64 = DebugGame Editor|Win64
		DebugGame|HTML5 = DebugGame|HTML5
		DebugGame|Win32 = DebugGame|Win32
		DebugGame|Win64 = DebugGame|Win64
		Development Editor|HTML5 = Development Editor|HTML5
		Development Editor|Win32 = Development Editor|Win32
		Development Editor|Win64 = Development Editor|Win64
		Development|HTML5 = Development|HTML5
		Development|Win32 = Development|Win32
		Development|Win64 = Development|Win64
		Shipping|HTML5 = Shipping|HTML5
		Shipping|Win32 = Shipping|Win32
		Shipping|Win64 = Shipping|Win64
	EndGlobalSection
	GlobalSection(ProjectConfigurationPlatforms) = postSolution
		{23EA91B9-BC58-4EBF-BBEC-4A4A1D93F275}.DebugGame Editor|HTML5.ActiveCfg = BuiltWithUnrealBuildTool|Win32
		{23EA91B9-BC58-4EBF-BBEC-4A4A1D93F275}.DebugGame Editor|HTML5.Build.0 = BuiltWithUnrealBuildTool|Win32
		{23EA91B9-BC58-4EBF-BBEC-4A4A1D93F275}.DebugGame Editor|Win32.ActiveCfg = BuiltWithUnrealBuildTool|Win32
		{23EA91B9-BC58-4EBF-BBEC-4A4A1D93F275}.DebugGame Editor|Win32.Build.0 = BuiltWithUnrealBuildTool|Win32
		{23EA91B9-BC58-4EBF-BBEC-4A4A1D93F275}.DebugGame Editor|Win64.ActiveCfg = BuiltWithUnrealBuildTool|Win32
		{23EA91B9-BC58-4EBF-BBEC-4A4A1D93F275}.DebugGame Editor|Win64.Build.0 = BuiltWithUnrealBuildTool|Win32
		{23EA91B9-BC58-4EBF-BBEC-4A4A1D93F275}.DebugGame|HTML5.ActiveCfg = BuiltWithUnrealBuildTool|Win32
		{23EA91B9-BC58-4EBF-BBEC-4A4A1D93F275}.DebugGame|HTML5.Build.0 = BuiltWithUnrealBuildTool|Win32
		{23EA91B9-BC58-4EBF-BBEC-4A4A1D93F275}.DebugGame|Win32.ActiveCfg = BuiltWithUnrealBuildTool|Win32
		{23EA91B9-BC58-4EBF-BBEC-4A4A1D93F275}.DebugGame|Win32.Build.0 = BuiltWithUnrealBuildTool|Win32
		{23EA91B9-BC58-4EBF-BBEC-4A4A1D93F275}.DebugGame|Win64.ActiveCfg = BuiltWithUnrealBuildTool|Win32
		{23EA91B9-BC58-4EBF-BBEC-4A4A1D93F275}.DebugGame|Win64.Build.0 = BuiltWithUnrealBuildTool|Win32
		{23EA91B9-BC58-4EBF-BBEC-4A4A1D93F275}.Development Editor|HTML5.ActiveCfg = BuiltWithUnrealBuildTool|Win32
		{23EA91B9-BC58-4EBF-BBEC-4A4A1D93F275}.Development Editor|HTML5.Build.0 = BuiltWithUnrealBuildTool|Win32
		{23EA91B9-BC58-4EBF-BBEC-4A4A1D93F275}.Development Editor|Win32.ActiveCfg = BuiltWithUnrealBuildTool|Win32
		{23EA91B9-BC58-4EBF-BBEC-4A4A1D93F275}.Development Editor|Win32.Build.0 = BuiltWithUnrealBuildTool|Win32
		{23EA91B9-BC58-4EBF-BBEC-4A4A1D93F275}.Development Editor|Win64.ActiveCfg = BuiltWithUnrealBuildTool|Win32
		{23EA91B9-BC58-4EBF-BBEC-4A4A1D93F275}.Development Editor|Win64.Build.0 = BuiltWithUnrealBuildTool|Win32
		{23EA91B9-BC58-4EBF-BBEC-4A4A1D93F275}.Development|HTML5.ActiveCfg = BuiltWithUnrealBuildTool|Win32
		{23EA91B9-BC58-4EBF-BBEC-4A4A1D93F275}.Development|HTML5.Build.0 = BuiltWithUnrealBuildTool|Win32
		{23EA91B9-BC58-4EBF-BBEC-4A4A1D93F275}.Development|Win32.ActiveCfg = BuiltWithUnrealBuildTool|Win32
		{23EA91B9-BC58-4EBF-BBEC-4A4A1D93F275}.Development|Win32.Build.0 = BuiltWithUnrealBuildTool|Win32
		{23EA91B9-BC58-4EBF-BBEC-4A4A1D93F275}.Development|Win64.ActiveCfg = BuiltWithUnrealBuildTool|Win32
		{23EA91B9-BC58-4EBF-BBEC-4A4A1D93F275}.Development|Win64.Build.0 = BuiltWithUnrealBuildTool|Win32
		{23EA91B9-BC58-4EBF-BBEC-4A4A1D93F275}.Shipping|HTML5.ActiveCfg = BuiltWithUnrealBuildTool|Win32
		{23EA91B9-BC58-4EBF-BBEC-4A4A1D93F275}.Shipping|HTML5.Build.0 = BuiltWithUnrealBuildTool|Win32
		{23EA91B9-BC58-4EBF-BBEC-4A4A1D93F275}.Shipping|Win32.ActiveCfg = BuiltWithUnrealBuildTool|Win32
		{23EA91B9-BC58-4EBF-BBEC-4A4A1D93F275}.Shipping|Win32.Build.0 = BuiltWithUnrealBuildTool|Win32
		{23EA91B9-BC58-4EBF-BBEC-4A4A1D93F275}.Shipping|Win64.ActiveCfg = BuiltWithUnrealBuildTool|Win32
		{23EA91B9-BC58-4EBF-BBEC-4A4A1D93F275}.Shipping|Win64.Build.0 = BuiltWithUnrealBuildTool|Win32
		{805259D0-E1DF-4B80-9E00-B795DB47B034}.DebugGame Editor|HTML5.ActiveCfg = HTML5_DebugGame_Editor|Win32
		{805259D0-E1DF-4B80-9E00-B795DB47B034}.DebugGame Editor|Win32.ActiveCfg = DebugGame_Editor|Win32
		{805259D0-E1DF-4B80-9E00-B795DB47B034}.DebugGame Editor|Win64.ActiveCfg = DebugGame_Editor|x64
		{805259D0-E1DF-4B80-9E00-B795DB47B034}.DebugGame Editor|Win64.Build.0 = DebugGame_Editor|x64
		{805259D0-E1DF-4B80-9E00-B795DB47B034}.DebugGame|HTML5.ActiveCfg = HTML5_DebugGame_Game|Win32
		{805259D0-E1DF-4B80-9E00-B795DB47B034}.DebugGame|HTML5.Build.0 = HTML5_DebugGame_Game|Win32
		{805259D0-E1DF-4B80-9E00-B795DB47B034}.DebugGame|Win32.ActiveCfg = DebugGame_Game|Win32
		{805259D0-E1DF-4B80-9E00-B795DB47B034}.DebugGame|Win32.Build.0 = DebugGame_Game|Win32
		{805259D0-E1DF-4B80-9E00-B795DB47B034}.DebugGame|Win64.ActiveCfg = DebugGame_Game|x64
		{805259D0-E1DF-4B80-9E00-B795DB47B034}.DebugGame|Win64.Build.0 = DebugGame_Game|x64
		{805259D0-E1DF-4B80-9E00-B795DB47B034}.Development Editor|HTML5.ActiveCfg = HTML5_Development_Editor|Win32
		{805259D0-E1DF-4B80-9E00-B795DB47B034}.Development Editor|Win32.ActiveCfg = Development_Editor|Win32
		{805259D0-E1DF-4B80-9E00-B795DB47B034}.Development Editor|Win64.ActiveCfg = Development_Editor|x64
		{805259D0-E1DF-4B80-9E00-B795DB47B034}.Development Editor|Win64.Build.0 = Development_Editor|x64
		{805259D0-E1DF-4B80-9E00-B795DB47B034}.Development|HTML5.ActiveCfg = HTML5_Development_Game|Win32
		{805259D0-E1DF-4B80-9E00-B795DB47B034}.Development|HTML5.Build.0 = HTML5_Development_Game|Win32
		{805259D0-E1DF-4B80-9E00-B795DB47B034}.Development|Win32.ActiveCfg = Development_Game|Win32
		{805259D0-E1DF-4B80-9E00-B795DB47B034}.Development|Win32.Build.0 = Development_Game|Win32
		{805259D0-E1DF-4B80-9E00-B795DB47B034}.Development|Win64.ActiveCfg = Development_Game|x64
		{805259D0-E1DF-4B80-9E00-B795DB47B034}.Development|Win64.Build.0 = Development_Game|x64
		{805259D0-E1DF-4B80-9E00-B795DB47B034}.Shipping|HTML5.ActiveCfg = HTML5_Shipping_Game|Win32
		{805259D0-E1DF-4B80-9E00-B795DB47B034}.Shipping|HTML5.Build.0 = HTML5_Shipping_Game|Win32
		{805259D0-E1DF-4B80-9E00-B795DB47B034}.Shipping|Win32.ActiveCfg = Shipping_Game|Win32
		{805259D0-E1DF-4B80-9E00-B795DB47B034}.Shipping|Win32.Build.0 = Shipping_Game|Win32
		{805259D0-E1DF-4B80-9E00-B795DB47B034}.Shipping|Win64.ActiveCfg = Shipping_Game|x64
		{805259D0-E1DF-4B80-9E00-B795DB47B034}.Shipping|Win64.Build.0 = Shipping_Game|x64
	EndGlobalSection
	GlobalSection(SolutionProperties) = preSolution
		HideSolutionNode = FALSE
	EndGlobalSection
	GlobalSection(NestedProjects) = preSolution
		{23EA91B9-BC58-4EBF-BBEC-4A4A1D93F275} = {4D727BD5-1C03-4304-8CB9-ABA26BA3067D}
		{805259D0-E1DF-4B80-9E00-B795DB47B034} = {39ADC2F0-5653-47E4-A381-B75039D51E4E}
	EndGlobalSection
	GlobalSection(ExtensibilityGlobals) = postSolution
		SolutionGuid = {118C634E-9610-4D79-B49A-9EFFCFC9174D}
	EndGlobalSection
EndGlobal
